// !$*UTF8*$!
{
	archiveVersion = 1;
	classes = {
	};
	objectVersion = 50;
	objects = {

/* Begin PBXBuildFile section */
		7B232F33242BD55B0014C0DB /* AppDelegate.swift in Sources */ = {isa = PBXBuildFile; fileRef = 7B232F32242BD55B0014C0DB /* AppDelegate.swift */; };
		7B232F35242BD55B0014C0DB /* ViewController.swift in Sources */ = {isa = PBXBuildFile; fileRef = 7B232F34242BD55B0014C0DB /* ViewController.swift */; };
		7B232F37242BD55B0014C0DB /* Experience.rcproject in Sources */ = {isa = PBXBuildFile; fileRef = 7B232F36242BD55B0014C0DB /* Experience.rcproject */; };
		7B232F3A242BD55B0014C0DB /* Main.storyboard in Resources */ = {isa = PBXBuildFile; fileRef = 7B232F38242BD55B0014C0DB /* Main.storyboard */; };
		7B232F3C242BD5610014C0DB /* Assets.xcassets in Resources */ = {isa = PBXBuildFile; fileRef = 7B232F3B242BD5610014C0DB /* Assets.xcassets */; };
		7B232F3F242BD5610014C0DB /* LaunchScreen.storyboard in Resources */ = {isa = PBXBuildFile; fileRef = 7B232F3D242BD5610014C0DB /* LaunchScreen.storyboard */; };
		7BDD0F5224326702003519DB /* MenuViewController.swift in Sources */ = {isa = PBXBuildFile; fileRef = 7BDD0F5124326702003519DB /* MenuViewController.swift */; };
		7BDD0F542432671B003519DB /* FinalMensageViewController.swift in Sources */ = {isa = PBXBuildFile; fileRef = 7BDD0F532432671B003519DB /* FinalMensageViewController.swift */; };
		7BDD0F5824327146003519DB /* IntroViewController.swift in Sources */ = {isa = PBXBuildFile; fileRef = 7BDD0F5724327146003519DB /* IntroViewController.swift */; };
/* End PBXBuildFile section */

/* Begin PBXFileReference section */
		7B232F2F242BD55B0014C0DB /* EmpathyWWDC.app */ = {isa = PBXFileReference; explicitFileType = wrapper.application; includeInIndex = 0; path = EmpathyWWDC.app; sourceTree = BUILT_PRODUCTS_DIR; };
		7B232F32242BD55B0014C0DB /* AppDelegate.swift */ = {isa = PBXFileReference; lastKnownFileType = sourcecode.swift; path = AppDelegate.swift; sourceTree = "<group>"; };
		7B232F34242BD55B0014C0DB /* ViewController.swift */ = {isa = PBXFileReference; lastKnownFileType = sourcecode.swift; path = ViewController.swift; sourceTree = "<group>"; };
		7B232F36242BD55B0014C0DB /* Experience.rcproject */ = {isa = PBXFileReference; lastKnownFileType = file.rcproject; path = Experience.rcproject; sourceTree = "<group>"; };
		7B232F39242BD55B0014C0DB /* Base */ = {isa = PBXFileReference; lastKnownFileType = file.storyboard; name = Base; path = Base.lproj/Main.storyboard; sourceTree = "<group>"; };
		7B232F3B242BD5610014C0DB /* Assets.xcassets */ = {isa = PBXFileReference; lastKnownFileType = folder.assetcatalog; path = Assets.xcassets; sourceTree = "<group>"; };
		7B232F3E242BD5610014C0DB /* Base */ = {isa = PBXFileReference; lastKnownFileType = file.storyboard; name = Base; path = Base.lproj/LaunchScreen.storyboard; sourceTree = "<group>"; };
		7B232F40242BD5610014C0DB /* Info.plist */ = {isa = PBXFileReference; lastKnownFileType = text.plist.xml; path = Info.plist; sourceTree = "<group>"; };
		7BDD0F5124326702003519DB /* MenuViewController.swift */ = {isa = PBXFileReference; lastKnownFileType = sourcecode.swift; path = MenuViewController.swift; sourceTree = "<group>"; };
		7BDD0F532432671B003519DB /* FinalMensageViewController.swift */ = {isa = PBXFileReference; lastKnownFileType = sourcecode.swift; path = FinalMensageViewController.swift; sourceTree = "<group>"; };
		7BDD0F5724327146003519DB /* IntroViewController.swift */ = {isa = PBXFileReference; lastKnownFileType = sourcecode.swift; path = IntroViewController.swift; sourceTree = "<group>"; };
/* End PBXFileReference section */

/* Begin PBXFrameworksBuildPhase section */
		7B232F2C242BD55B0014C0DB /* Frameworks */ = {
			isa = PBXFrameworksBuildPhase;
			buildActionMask = 2147483647;
			files = (
			);
			runOnlyForDeploymentPostprocessing = 0;
		};
/* End PBXFrameworksBuildPhase section */

/* Begin PBXGroup section */
		7B232F26242BD55B0014C0DB = {
			isa = PBXGroup;
			children = (
				7B232F31242BD55B0014C0DB /* EmpathyWWDC */,
				7B232F30242BD55B0014C0DB /* Products */,
			);
			sourceTree = "<group>";
		};
		7B232F30242BD55B0014C0DB /* Products */ = {
			isa = PBXGroup;
			children = (
				7B232F2F242BD55B0014C0DB /* EmpathyWWDC.app */,
			);
			name = Products;
			sourceTree = "<group>";
		};
		7B232F31242BD55B0014C0DB /* EmpathyWWDC */ = {
			isa = PBXGroup;
			children = (
				7B232F32242BD55B0014C0DB /* AppDelegate.swift */,
				7BDD0F5124326702003519DB /* MenuViewController.swift */,
				7BDD0F5724327146003519DB /* IntroViewController.swift */,
				7B232F34242BD55B0014C0DB /* ViewController.swift */,
				7BDD0F532432671B003519DB /* FinalMensageViewController.swift */,
				7B232F36242BD55B0014C0DB /* Experience.rcproject */,
				7B232F38242BD55B0014C0DB /* Main.storyboard */,
				7B232F3B242BD5610014C0DB /* Assets.xcassets */,
				7B232F3D242BD5610014C0DB /* LaunchScreen.storyboard */,
				7B232F40242BD5610014C0DB /* Info.plist */,
			);
			path = EmpathyWWDC;
			sourceTree = "<group>";
		};
/* End PBXGroup section */

/* Begin PBXNativeTarget section */
		7B232F2E242BD55B0014C0DB /* EmpathyWWDC */ = {
			isa = PBXNativeTarget;
			buildConfigurationList = 7B232F43242BD5610014C0DB /* Build configuration list for PBXNativeTarget "EmpathyWWDC" */;
			buildPhases = (
				7B232F2B242BD55B0014C0DB /* Sources */,
				7B232F2C242BD55B0014C0DB /* Frameworks */,
				7B232F2D242BD55B0014C0DB /* Resources */,
			);
			buildRules = (
			);
			dependencies = (
			);
			name = EmpathyWWDC;
			productName = EmpathyWWDC;
			productReference = 7B232F2F242BD55B0014C0DB /* EmpathyWWDC.app */;
			productType = "com.apple.product-type.application";
		};
/* End PBXNativeTarget section */

/* Begin PBXProject section */
		7B232F27242BD55B0014C0DB /* Project object */ = {
			isa = PBXProject;
			attributes = {
				LastSwiftUpdateCheck = 1140;
				LastUpgradeCheck = 1140;
				ORGANIZATIONNAME = Ferraz;
				TargetAttributes = {
					7B232F2E242BD55B0014C0DB = {
						CreatedOnToolsVersion = 11.4;
					};
				};
			};
			buildConfigurationList = 7B232F2A242BD55B0014C0DB /* Build configuration list for PBXProject "EmpathyWWDC" */;
			compatibilityVersion = "Xcode 9.3";
			developmentRegion = en;
			hasScannedForEncodings = 0;
			knownRegions = (
				en,
				Base,
			);
			mainGroup = 7B232F26242BD55B0014C0DB;
			productRefGroup = 7B232F30242BD55B0014C0DB /* Products */;
			projectDirPath = "";
			projectRoot = "";
			targets = (
				7B232F2E242BD55B0014C0DB /* EmpathyWWDC */,
			);
		};
/* End PBXProject section */

/* Begin PBXResourcesBuildPhase section */
		7B232F2D242BD55B0014C0DB /* Resources */ = {
			isa = PBXResourcesBuildPhase;
			buildActionMask = 2147483647;
			files = (
				7B232F3F242BD5610014C0DB /* LaunchScreen.storyboard in Resources */,
				7B232F3C242BD5610014C0DB /* Assets.xcassets in Resources */,
				7B232F3A242BD55B0014C0DB /* Main.storyboard in Resources */,
			);
			runOnlyForDeploymentPostprocessing = 0;
		};
/* End PBXResourcesBuildPhase section */

/* Begin PBXSourcesBuildPhase section */
		7B232F2B242BD55B0014C0DB /* Sources */ = {
			isa = PBXSourcesBuildPhase;
			buildActionMask = 2147483647;
			files = (
				7B232F35242BD55B0014C0DB /* ViewController.swift in Sources */,
				7BDD0F5224326702003519DB /* MenuViewController.swift in Sources */,
				7BDD0F542432671B003519DB /* FinalMensageViewController.swift in Sources */,
				7BDD0F5824327146003519DB /* IntroViewController.swift in Sources */,
				7B232F33242BD55B0014C0DB /* AppDelegate.swift in Sources */,
				7B232F37242BD55B0014C0DB /* Experience.rcproject in Sources */,
			);
			runOnlyForDeploymentPostprocessing = 0;
		};
/* End PBXSourcesBuildPhase section */

/* Begin PBXVariantGroup section */
		7B232F38242BD55B0014C0DB /* Main.storyboard */ = {
			isa = PBXVariantGroup;
			children = (
				7B232F39242BD55B0014C0DB /* Base */,
			);
			name = Main.storyboard;
			sourceTree = "<group>";
		};
		7B232F3D242BD5610014C0DB /* LaunchScreen.storyboard */ = {
			isa = PBXVariantGroup;
			children = (
				7B232F3E242BD5610014C0DB /* Base */,
			);
			name = LaunchScreen.storyboard;
			sourceTree = "<group>";
		};
/* End PBXVariantGroup section */

/* Begin XCBuildConfiguration section */
		7B232F41242BD5610014C0DB /* Debug */ = {
			isa = XCBuildConfiguration;
			buildSettings = {
				ALWAYS_SEARCH_USER_PATHS = NO;
				CLANG_ANALYZER_NONNULL = YES;
				CLANG_ANALYZER_NUMBER_OBJECT_CONVERSION = YES_AGGRESSIVE;
				CLANG_CXX_LANGUAGE_STANDARD = "gnu++14";
				CLANG_CXX_LIBRARY = "libc++";
				CLANG_ENABLE_MODULES = YES;
				CLANG_ENABLE_OBJC_ARC = YES;
				CLANG_ENABLE_OBJC_WEAK = YES;
				CLANG_WARN_BLOCK_CAPTURE_AUTORELEASING = YES;
				CLANG_WARN_BOOL_CONVERSION = YES;
				CLANG_WARN_COMMA = YES;
				CLANG_WARN_CONSTANT_CONVERSION = YES;
				CLANG_WARN_DEPRECATED_OBJC_IMPLEMENTATIONS = YES;
				CLANG_WARN_DIRECT_OBJC_ISA_USAGE = YES_ERROR;
				CLANG_WARN_DOCUMENTATION_COMMENTS = YES;
				CLANG_WARN_EMPTY_BODY = YES;
				CLANG_WARN_ENUM_CONVERSION = YES;
				CLANG_WARN_INFINITE_RECURSION = YES;
				CLANG_WARN_INT_CONVERSION = YES;
				CLANG_WARN_NON_LITERAL_NULL_CONVERSION = YES;
				CLANG_WARN_OBJC_IMPLICIT_RETAIN_SELF = YES;
				CLANG_WARN_OBJC_LITERAL_CONVERSION = YES;
				CLANG_WARN_OBJC_ROOT_CLASS = YES_ERROR;
				CLANG_WARN_RANGE_LOOP_ANALYSIS = YES;
				CLANG_WARN_STRICT_PROTOTYPES = YES;
				CLANG_WARN_SUSPICIOUS_MOVE = YES;
				CLANG_WARN_UNGUARDED_AVAILABILITY = YES_AGGRESSIVE;
				CLANG_WARN_UNREACHABLE_CODE = YES;
				CLANG_WARN__DUPLICATE_METHOD_MATCH = YES;
				COPY_PHASE_STRIP = NO;
				DEBUG_INFORMATION_FORMAT = dwarf;
				ENABLE_STRICT_OBJC_MSGSEND = YES;
				ENABLE_TESTABILITY = YES;
				GCC_C_LANGUAGE_STANDARD = gnu11;
				GCC_DYNAMIC_NO_PIC = NO;
				GCC_NO_COMMON_BLOCKS = YES;
				GCC_OPTIMIZATION_LEVEL = 0;
				GCC_PREPROCESSOR_DEFINITIONS = (
					"DEBUG=1",
					"$(inherited)",
				);
				GCC_WARN_64_TO_32_BIT_CONVERSION = YES;
				GCC_WARN_ABOUT_RETURN_TYPE = YES_ERROR;
				GCC_WARN_UNDECLARED_SELECTOR = YES;
				GCC_WARN_UNINITIALIZED_AUTOS = YES_AGGRESSIVE;
				GCC_WARN_UNUSED_FUNCTION = YES;
				GCC_WARN_UNUSED_VARIABLE = YES;
				IPHONEOS_DEPLOYMENT_TARGET = 13.4;
				MTL_ENABLE_DEBUG_INFO = INCLUDE_SOURCE;
				MTL_FAST_MATH = YES;
				ONLY_ACTIVE_ARCH = YES;
				SDKROOT = iphoneos;
				SWIFT_ACTIVE_COMPILATION_CONDITIONS = DEBUG;
				SWIFT_OPTIMIZATION_LEVEL = "-Onone";
			};
			name = Debug;
		};
		7B232F42242BD5610014C0DB /* Release */ = {
			isa = XCBuildConfiguration;
			buildSettings = {
				ALWAYS_SEARCH_USER_PATHS = NO;
				CLANG_ANALYZER_NONNULL = YES;
				CLANG_ANALYZER_NUMBER_OBJECT_CONVERSION = YES_AGGRESSIVE;
				CLANG_CXX_LANGUAGE_STANDARD = "gnu++14";
				CLANG_CXX_LIBRARY = "libc++";
				CLANG_ENABLE_MODULES = YES;
				CLANG_ENABLE_OBJC_ARC = YES;
				CLANG_ENABLE_OBJC_WEAK = YES;
				CLANG_WARN_BLOCK_CAPTURE_AUTORELEASING = YES;
				CLANG_WARN_BOOL_CONVERSION = YES;
				CLANG_WARN_COMMA = YES;
				CLANG_WARN_CONSTANT_CONVERSION = YES;
				CLANG_WARN_DEPRECATED_OBJC_IMPLEMENTATIONS = YES;
				CLANG_WARN_DIRECT_OBJC_ISA_USAGE = YES_ERROR;
				CLANG_WARN_DOCUMENTATION_COMMENTS = YES;
				CLANG_WARN_EMPTY_BODY = YES;
				CLANG_WARN_ENUM_CONVERSION = YES;
				CLANG_WARN_INFINITE_RECURSION = YES;
				CLANG_WARN_INT_CONVERSION = YES;
				CLANG_WARN_NON_LITERAL_NULL_CONVERSION = YES;
				CLANG_WARN_OBJC_IMPLICIT_RETAIN_SELF = YES;
				CLANG_WARN_OBJC_LITERAL_CONVERSION = YES;
				CLANG_WARN_OBJC_ROOT_CLASS = YES_ERROR;
				CLANG_WARN_RANGE_LOOP_ANALYSIS = YES;
				CLANG_WARN_STRICT_PROTOTYPES = YES;
				CLANG_WARN_SUSPICIOUS_MOVE = YES;
				CLANG_WARN_UNGUARDED_AVAILABILITY = YES_AGGRESSIVE;
				CLANG_WARN_UNREACHABLE_CODE = YES;
				CLANG_WARN__DUPLICATE_METHOD_MATCH = YES;
				COPY_PHASE_STRIP = NO;
				DEBUG_INFORMATION_FORMAT = "dwarf-with-dsym";
				ENABLE_NS_ASSERTIONS = NO;
				ENABLE_STRICT_OBJC_MSGSEND = YES;
				GCC_C_LANGUAGE_STANDARD = gnu11;
				GCC_NO_COMMON_BLOCKS = YES;
				GCC_WARN_64_TO_32_BIT_CONVERSION = YES;
				GCC_WARN_ABOUT_RETURN_TYPE = YES_ERROR;
				GCC_WARN_UNDECLARED_SELECTOR = YES;
				GCC_WARN_UNINITIALIZED_AUTOS = YES_AGGRESSIVE;
				GCC_WARN_UNUSED_FUNCTION = YES;
				GCC_WARN_UNUSED_VARIABLE = YES;
				IPHONEOS_DEPLOYMENT_TARGET = 13.4;
				MTL_ENABLE_DEBUG_INFO = NO;
				MTL_FAST_MATH = YES;
				SDKROOT = iphoneos;
				SWIFT_COMPILATION_MODE = wholemodule;
				SWIFT_OPTIMIZATION_LEVEL = "-O";
				VALIDATE_PRODUCT = YES;
			};
			name = Release;
		};
		7B232F44242BD5610014C0DB /* Debug */ = {
			isa = XCBuildConfiguration;
			buildSettings = {
				ASSETCATALOG_COMPILER_APPICON_NAME = AppIcon;
				CODE_SIGN_STYLE = Automatic;
				DEVELOPMENT_TEAM = Q6B7N567Z6;
				INFOPLIST_FILE = EmpathyWWDC/Info.plist;
				LD_RUNPATH_SEARCH_PATHS = (
					"$(inherited)",
					"@executable_path/Frameworks",
				);
				PRODUCT_BUNDLE_IDENTIFIER = team.EmpathyWWDC;
				PRODUCT_NAME = "$(TARGET_NAME)";
				SWIFT_VERSION = 5.0;
				TARGETED_DEVICE_FAMILY = "1,2";
			};
			name = Debug;
		};
		7B232F45242BD5610014C0DB /* Release */ = {
			isa = XCBuildConfiguration;
			buildSettings = {
				ASSETCATALOG_COMPILER_APPICON_NAME = AppIcon;
				CODE_SIGN_STYLE = Automatic;
				DEVELOPMENT_TEAM = Q6B7N567Z6;
				INFOPLIST_FILE = EmpathyWWDC/Info.plist;
				LD_RUNPATH_SEARCH_PATHS = (
					"$(inherited)",
					"@executable_path/Frameworks",
				);
				PRODUCT_BUNDLE_IDENTIFIER = team.EmpathyWWDC;
				PRODUCT_NAME = "$(TARGET_NAME)";
				SWIFT_VERSION = 5.0;
				TARGETED_DEVICE_FAMILY = "1,2";
			};
			name = Release;
		};
/* End XCBuildConfiguration section */

/* Begin XCConfigurationList section */
		7B232F2A242BD55B0014C0DB /* Build configuration list for PBXProject "EmpathyWWDC" */ = {
			isa = XCConfigurationList;
			buildConfigurations = (
				7B232F41242BD5610014C0DB /* Debug */,
				7B232F42242BD5610014C0DB /* Release */,
			);
			defaultConfigurationIsVisible = 0;
			defaultConfigurationName = Release;
		};
		7B232F43242BD5610014C0DB /* Build configuration list for PBXNativeTarget "EmpathyWWDC" */ = {
			isa = XCConfigurationList;
			buildConfigurations = (
				7B232F44242BD5610014C0DB /* Debug */,
				7B232F45242BD5610014C0DB /* Release */,
			);
			defaultConfigurationIsVisible = 0;
			defaultConfigurationName = Release;
		};
/* End XCConfigurationList section */
	};
	rootObject = 7B232F27242BD55B0014C0DB /* Project object */;
}
